// !$*UTF8*$!
{
	archiveVersion = 1;
	classes = {
	};
	objectVersion = 77;
	objects = {

/* Begin PBXContainerItemProxy section */
		3644CED42E6A78E200E7D41F /* PBXContainerItemProxy */ = {
			isa = PBXContainerItemProxy;
			containerPortal = 3644CEB52E6A78E000E7D41F /* Project object */;
			proxyType = 1;
			remoteGlobalIDString = 3644CEBC2E6A78E000E7D41F;
			remoteInfo = CatApp;
		};
		3644CEDE2E6A78E200E7D41F /* PBXContainerItemProxy */ = {
			isa = PBXContainerItemProxy;
			containerPortal = 3644CEB52E6A78E000E7D41F /* Project object */;
			proxyType = 1;
			remoteGlobalIDString = 3644CEBC2E6A78E000E7D41F;
			remoteInfo = CatApp;
		};
/* End PBXContainerItemProxy section */

/* Begin PBXFileReference section */
		3644CEBD2E6A78E000E7D41F /* CatApp.app */ = {isa = PBXFileReference; explicitFileType = wrapper.application; includeInIndex = 0; path = CatApp.app; sourceTree = BUILT_PRODUCTS_DIR; };
		3644CED32E6A78E200E7D41F /* CatAppTests.xctest */ = {isa = PBXFileReference; explicitFileType = wrapper.cfbundle; includeInIndex = 0; path = CatAppTests.xctest; sourceTree = BUILT_PRODUCTS_DIR; };
		3644CEDD2E6A78E200E7D41F /* CatAppUITests.xctest */ = {isa = PBXFileReference; explicitFileType = wrapper.cfbundle; includeInIndex = 0; path = CatAppUITests.xctest; sourceTree = BUILT_PRODUCTS_DIR; };
/* End PBXFileReference section */

/* Begin PBXFileSystemSynchronizedBuildFileExceptionSet section */
		3644CEE52E6A78E200E7D41F /* Exceptions for "CatApp" folder in "CatApp" target */ = {
			isa = PBXFileSystemSynchronizedBuildFileExceptionSet;
			membershipExceptions = (
				Info.plist,
			);
			target = 3644CEBC2E6A78E000E7D41F /* CatApp */;
		};
/* End PBXFileSystemSynchronizedBuildFileExceptionSet section */

/* Begin PBXFileSystemSynchronizedRootGroup section */
		3644CEBF2E6A78E000E7D41F /* CatApp */ = {
			isa = PBXFileSystemSynchronizedRootGroup;
			exceptions = (
				3644CEE52E6A78E200E7D41F /* Exceptions for "CatApp" folder in "CatApp" target */,
			);
			path = CatApp;
			sourceTree = "<group>";
		};
		3644CED62E6A78E200E7D41F /* CatAppTests */ = {
			isa = PBXFileSystemSynchronizedRootGroup;
			path = CatAppTests;
			sourceTree = "<group>";
		};
		3644CEE02E6A78E200E7D41F /* CatAppUITests */ = {
			isa = PBXFileSystemSynchronizedRootGroup;
			path = CatAppUITests;
			sourceTree = "<group>";
		};
/* End PBXFileSystemSynchronizedRootGroup section */

/* Begin PBXFrameworksBuildPhase section */
		3644CEBA2E6A78E000E7D41F /* Frameworks */ = {
			isa = PBXFrameworksBuildPhase;
			buildActionMask = 2147483647;
			files = (
			);
			runOnlyForDeploymentPostprocessing = 0;
		};
		3644CED02E6A78E200E7D41F /* Frameworks */ = {
			isa = PBXFrameworksBuildPhase;
			buildActionMask = 2147483647;
			files = (
			);
			runOnlyForDeploymentPostprocessing = 0;
		};
		3644CEDA2E6A78E200E7D41F /* Frameworks */ = {
			isa = PBXFrameworksBuildPhase;
			buildActionMask = 2147483647;
			files = (
			);
			runOnlyForDeploymentPostprocessing = 0;
		};
/* End PBXFrameworksBuildPhase section */

/* Begin PBXGroup section */
		3644CEB42E6A78E000E7D41F = {
			isa = PBXGroup;
			children = (
				3644CEBF2E6A78E000E7D41F /* CatApp */,
				3644CED62E6A78E200E7D41F /* CatAppTests */,
				3644CEE02E6A78E200E7D41F /* CatAppUITests */,
				3644CEBE2E6A78E000E7D41F /* Products */,
			);
			sourceTree = "<group>";
		};
		3644CEBE2E6A78E000E7D41F /* Products */ = {
			isa = PBXGroup;
			children = (
				3644CEBD2E6A78E000E7D41F /* CatApp.app */,
				3644CED32E6A78E200E7D41F /* CatAppTests.xctest */,
				3644CEDD2E6A78E200E7D41F /* CatAppUITests.xctest */,
			);
			name = Products;
			sourceTree = "<group>";
		};
/* End PBXGroup section */

/* Begin PBXNativeTarget section */
		3644CEBC2E6A78E000E7D41F /* CatApp */ = {
			isa = PBXNativeTarget;
			buildConfigurationList = 3644CEE62E6A78E200E7D41F /* Build configuration list for PBXNativeTarget "CatApp" */;
			buildPhases = (
				3644CEB92E6A78E000E7D41F /* Sources */,
				3644CEBA2E6A78E000E7D41F /* Frameworks */,
				3644CEBB2E6A78E000E7D41F /* Resources */,
			);
			buildRules = (
			);
			dependencies = (
			);
			fileSystemSynchronizedGroups = (
				3644CEBF2E6A78E000E7D41F /* CatApp */,
			);
			name = CatApp;
			packageProductDependencies = (
			);
			productName = CatApp;
			productReference = 3644CEBD2E6A78E000E7D41F /* CatApp.app */;
			productType = "com.apple.product-type.application";
		};
		3644CED22E6A78E200E7D41F /* CatAppTests */ = {
			isa = PBXNativeTarget;
			buildConfigurationList = 3644CEEB2E6A78E200E7D41F /* Build configuration list for PBXNativeTarget "CatAppTests" */;
			buildPhases = (
				3644CECF2E6A78E200E7D41F /* Sources */,
				3644CED02E6A78E200E7D41F /* Frameworks */,
				3644CED12E6A78E200E7D41F /* Resources */,
			);
			buildRules = (
			);
			dependencies = (
				3644CED52E6A78E200E7D41F /* PBXTargetDependency */,
			);
			fileSystemSynchronizedGroups = (
				3644CED62E6A78E200E7D41F /* CatAppTests */,
			);
			name = CatAppTests;
			packageProductDependencies = (
			);
			productName = CatAppTests;
			productReference = 3644CED32E6A78E200E7D41F /* CatAppTests.xctest */;
			productType = "com.apple.product-type.bundle.unit-test";
		};
		3644CEDC2E6A78E200E7D41F /* CatAppUITests */ = {
			isa = PBXNativeTarget;
			buildConfigurationList = 3644CEEE2E6A78E200E7D41F /* Build configuration list for PBXNativeTarget "CatAppUITests" */;
			buildPhases = (
				3644CED92E6A78E200E7D41F /* Sources */,
				3644CEDA2E6A78E200E7D41F /* Frameworks */,
				3644CEDB2E6A78E200E7D41F /* Resources */,
			);
			buildRules = (
			);
			dependencies = (
				3644CEDF2E6A78E200E7D41F /* PBXTargetDependency */,
			);
			fileSystemSynchronizedGroups = (
				3644CEE02E6A78E200E7D41F /* CatAppUITests */,
			);
			name = CatAppUITests;
			packageProductDependencies = (
			);
			productName = CatAppUITests;
			productReference = 3644CEDD2E6A78E200E7D41F /* CatAppUITests.xctest */;
			productType = "com.apple.product-type.bundle.ui-testing";
		};
/* End PBXNativeTarget section */

/* Begin PBXProject section */
		3644CEB52E6A78E000E7D41F /* Project object */ = {
			isa = PBXProject;
			attributes = {
				BuildIndependentTargetsInParallel = 1;
				LastSwiftUpdateCheck = 1620;
				LastUpgradeCheck = 1620;
				TargetAttributes = {
					3644CEBC2E6A78E000E7D41F = {
						CreatedOnToolsVersion = 16.2;
					};
					3644CED22E6A78E200E7D41F = {
						CreatedOnToolsVersion = 16.2;
						TestTargetID = 3644CEBC2E6A78E000E7D41F;
					};
					3644CEDC2E6A78E200E7D41F = {
						CreatedOnToolsVersion = 16.2;
						TestTargetID = 3644CEBC2E6A78E000E7D41F;
					};
				};
			};
			buildConfigurationList = 3644CEB82E6A78E000E7D41F /* Build configuration list for PBXProject "CatApp" */;
			developmentRegion = en;
			hasScannedForEncodings = 0;
			knownRegions = (
				en,
				Base,
			);
			mainGroup = 3644CEB42E6A78E000E7D41F;
			minimizedProjectReferenceProxies = 1;
			preferredProjectObjectVersion = 77;
			productRefGroup = 3644CEBE2E6A78E000E7D41F /* Products */;
			projectDirPath = "";
			projectRoot = "";
			targets = (
				3644CEBC2E6A78E000E7D41F /* CatApp */,
				3644CED22E6A78E200E7D41F /* CatAppTests */,
				3644CEDC2E6A78E200E7D41F /* CatAppUITests */,
			);
		};
/* End PBXProject section */

/* Begin PBXResourcesBuildPhase section */
		3644CEBB2E6A78E000E7D41F /* Resources */ = {
			isa = PBXResourcesBuildPhase;
			buildActionMask = 2147483647;
			files = (
			);
			runOnlyForDeploymentPostprocessing = 0;
		};
		3644CED12E6A78E200E7D41F /* Resources */ = {
			isa = PBXResourcesBuildPhase;
			buildActionMask = 2147483647;
			files = (
			);
			runOnlyForDeploymentPostprocessing = 0;
		};
		3644CEDB2E6A78E200E7D41F /* Resources */ = {
			isa = PBXResourcesBuildPhase;
			buildActionMask = 2147483647;
			files = (
			);
			runOnlyForDeploymentPostprocessing = 0;
		};
/* End PBXResourcesBuildPhase section */

/* Begin PBXSourcesBuildPhase section */
		3644CEB92E6A78E000E7D41F /* Sources */ = {
			isa = PBXSourcesBuildPhase;
			buildActionMask = 2147483647;
			files = (
			);
			runOnlyForDeploymentPostprocessing = 0;
		};
		3644CECF2E6A78E200E7D41F /* Sources */ = {
			isa = PBXSourcesBuildPhase;
			buildActionMask = 2147483647;
			files = (
			);
			runOnlyForDeploymentPostprocessing = 0;
		};
		3644CED92E6A78E200E7D41F /* Sources */ = {
			isa = PBXSourcesBuildPhase;
			buildActionMask = 2147483647;
			files = (
			);
			runOnlyForDeploymentPostprocessing = 0;
		};
/* End PBXSourcesBuildPhase section */

/* Begin PBXTargetDependency section */
		3644CED52E6A78E200E7D41F /* PBXTargetDependency */ = {
			isa = PBXTargetDependency;
			target = 3644CEBC2E6A78E000E7D41F /* CatApp */;
			targetProxy = 3644CED42E6A78E200E7D41F /* PBXContainerItemProxy */;
		};
		3644CEDF2E6A78E200E7D41F /* PBXTargetDependency */ = {
			isa = PBXTargetDependency;
			target = 3644CEBC2E6A78E000E7D41F /* CatApp */;
			targetProxy = 3644CEDE2E6A78E200E7D41F /* PBXContainerItemProxy */;
		};
/* End PBXTargetDependency section */

/* Begin XCBuildConfiguration section */
		3644CEE72E6A78E200E7D41F /* Debug */ = {
			isa = XCBuildConfiguration;
			buildSettings = {
				ASSETCATALOG_COMPILER_APPICON_NAME = AppIcon;
				ASSETCATALOG_COMPILER_GLOBAL_ACCENT_COLOR_NAME = AccentColor;
				CODE_SIGN_STYLE = Automatic;
				CURRENT_PROJECT_VERSION = 1;
				DEVELOPMENT_TEAM = 93VTU92YDK;
				GENERATE_INFOPLIST_FILE = YES;
				INFOPLIST_FILE = CatApp/Info.plist;
				INFOPLIST_KEY_UIApplicationSupportsIndirectInputEvents = YES;
				INFOPLIST_KEY_UILaunchStoryboardName = LaunchScreen;
				INFOPLIST_KEY_UIMainStoryboardFile = Main;
				INFOPLIST_KEY_UISupportedInterfaceOrientations_iPad = "UIInterfaceOrientationPortrait UIInterfaceOrientationPortraitUpsideDown UIInterfaceOrientationLandscapeLeft UIInterfaceOrientationLandscapeRight";
				INFOPLIST_KEY_UISupportedInterfaceOrientations_iPhone = "UIInterfaceOrientationPortrait UIInterfaceOrientationLandscapeLeft UIInterfaceOrientationLandscapeRight";
				LD_RUNPATH_SEARCH_PATHS = (
					"$(inherited)",
					"@executable_path/Frameworks",
				);
				MARKETING_VERSION = 1.0;
				PRODUCT_BUNDLE_IDENTIFIER = indahNurindo.CatApp;
				PRODUCT_NAME = "$(TARGET_NAME)";
				SWIFT_EMIT_LOC_STRINGS = YES;
				SWIFT_VERSION = 5.0;
				TARGETED_DEVICE_FAMILY = "1,2";
			};
			name = Debug;
		};
		3644CEE82E6A78E200E7D41F /* Release */ = {
			isa = XCBuildConfiguration;
			buildSettings = {
				ASSETCATALOG_COMPILER_APPICON_NAME = AppIcon;
				ASSETCATALOG_COMPILER_GLOBAL_ACCENT_COLOR_NAME = AccentColor;
				CODE_SIGN_STYLE = Automatic;
				CURRENT_PROJECT_VERSION = 1;
				DEVELOPMENT_TEAM = 93VTU92YDK;
				GENERATE_INFOPLIST_FILE = YES;
				INFOPLIST_FILE = CatApp/Info.plist;
				INFOPLIST_KEY_UIApplicationSupportsIndirectInputEvents = YES;
				INFOPLIST_KEY_UILaunchStoryboardName = LaunchScreen;
				INFOPLIST_KEY_UIMainStoryboardFile = Main;
				INFOPLIST_KEY_UISupportedInterfaceOrientations_iPad = "UIInterfaceOrientationPortrait UIInterfaceOrientationPortraitUpsideDown UIInterfaceOrientationLandscapeLeft UIInterfaceOrientationLandscapeRight";
				INFOPLIST_KEY_UISupportedInterfaceOrientations_iPhone = "UIInterfaceOrientationPortrait UIInterfaceOrientationLandscapeLeft UIInterfaceOrientationLandscapeRight";
				LD_RUNPATH_SEARCH_PATHS = (
					"$(inherited)",
					"@executable_path/Frameworks",
				);
				MARKETING_VERSION = 1.0;
				PRODUCT_BUNDLE_IDENTIFIER = indahNurindo.CatApp;
				PRODUCT_NAME = "$(TARGET_NAME)";
				SWIFT_EMIT_LOC_STRINGS = YES;
				SWIFT_VERSION = 5.0;
				TARGETED_DEVICE_FAMILY = "1,2";
			};
			name = Release;
		};
		3644CEE92E6A78E200E7D41F /* Debug */ = {
			isa = XCBuildConfiguration;
			buildSettings = {
				ALWAYS_SEARCH_USER_PATHS = NO;
				ASSETCATALOG_COMPILER_GENERATE_SWIFT_ASSET_SYMBOL_EXTENSIONS = YES;
				CLANG_ANALYZER_NONNULL = YES;
				CLANG_ANALYZER_NUMBER_OBJECT_CONVERSION = YES_AGGRESSIVE;
				CLANG_CXX_LANGUAGE_STANDARD = "gnu++20";
				CLANG_ENABLE_MODULES = YES;
				CLANG_ENABLE_OBJC_ARC = YES;
				CLANG_ENABLE_OBJC_WEAK = YES;
				CLANG_WARN_BLOCK_CAPTURE_AUTORELEASING = YES;
				CLANG_WARN_BOOL_CONVERSION = YES;
				CLANG_WARN_COMMA = YES;
				CLANG_WARN_CONSTANT_CONVERSION = YES;
				CLANG_WARN_DEPRECATED_OBJC_IMPLEMENTATIONS = YES;
				CLANG_WARN_DIRECT_OBJC_ISA_USAGE = YES_ERROR;
				CLANG_WARN_DOCUMENTATION_COMMENTS = YES;
				CLANG_WARN_EMPTY_BODY = YES;
				CLANG_WARN_ENUM_CONVERSION = YES;
				CLANG_WARN_INFINITE_RECURSION = YES;
				CLANG_WARN_INT_CONVERSION = YES;
				CLANG_WARN_NON_LITERAL_NULL_CONVERSION = YES;
				CLANG_WARN_OBJC_IMPLICIT_RETAIN_SELF = YES;
				CLANG_WARN_OBJC_LITERAL_CONVERSION = YES;
				CLANG_WARN_OBJC_ROOT_CLASS = YES_ERROR;
				CLANG_WARN_QUOTED_INCLUDE_IN_FRAMEWORK_HEADER = YES;
				CLANG_WARN_RANGE_LOOP_ANALYSIS = YES;
				CLANG_WARN_STRICT_PROTOTYPES = YES;
				CLANG_WARN_SUSPICIOUS_MOVE = YES;
				CLANG_WARN_UNGUARDED_AVAILABILITY = YES_AGGRESSIVE;
				CLANG_WARN_UNREACHABLE_CODE = YES;
				CLANG_WARN__DUPLICATE_METHOD_MATCH = YES;
				COPY_PHASE_STRIP = NO;
				DEBUG_INFORMATION_FORMAT = dwarf;
				ENABLE_STRICT_OBJC_MSGSEND = YES;
				ENABLE_TESTABILITY = YES;
				ENABLE_USER_SCRIPT_SANDBOXING = YES;
				GCC_C_LANGUAGE_STANDARD = gnu17;
				GCC_DYNAMIC_NO_PIC = NO;
				GCC_NO_COMMON_BLOCKS = YES;
				GCC_OPTIMIZATION_LEVEL = 0;
				GCC_PREPROCESSOR_DEFINITIONS = (
					"DEBUG=1",
					"$(inherited)",
				);
				GCC_WARN_64_TO_32_BIT_CONVERSION = YES;
				GCC_WARN_ABOUT_RETURN_TYPE = YES_ERROR;
				GCC_WARN_UNDECLARED_SELECTOR = YES;
				GCC_WARN_UNINITIALIZED_AUTOS = YES_AGGRESSIVE;
				GCC_WARN_UNUSED_FUNCTION = YES;
				GCC_WARN_UNUSED_VARIABLE = YES;
				IPHONEOS_DEPLOYMENT_TARGET = 18.2;
				LOCALIZATION_PREFERS_STRING_CATALOGS = YES;
				MTL_ENABLE_DEBUG_INFO = INCLUDE_SOURCE;
				MTL_FAST_MATH = YES;
				ONLY_ACTIVE_ARCH = YES;
				SDKROOT = iphoneos;
				SWIFT_ACTIVE_COMPILATION_CONDITIONS = "DEBUG $(inherited)";
				SWIFT_OPTIMIZATION_LEVEL = "-Onone";
			};
			name = Debug;
		};
		3644CEEA2E6A78E200E7D41F /* Release */ = {
			isa = XCBuildConfiguration;
			buildSettings = {
				ALWAYS_SEARCH_USER_PATHS = NO;
				ASSETCATALOG_COMPILER_GENERATE_SWIFT_ASSET_SYMBOL_EXTENSIONS = YES;
				CLANG_ANALYZER_NONNULL = YES;
				CLANG_ANALYZER_NUMBER_OBJECT_CONVERSION = YES_AGGRESSIVE;
				CLANG_CXX_LANGUAGE_STANDARD = "gnu++20";
				CLANG_ENABLE_MODULES = YES;
				CLANG_ENABLE_OBJC_ARC = YES;
				CLANG_ENABLE_OBJC_WEAK = YES;
				CLANG_WARN_BLOCK_CAPTURE_AUTORELEASING = YES;
				CLANG_WARN_BOOL_CONVERSION = YES;
				CLANG_WARN_COMMA = YES;
				CLANG_WARN_CONSTANT_CONVERSION = YES;
				CLANG_WARN_DEPRECATED_OBJC_IMPLEMENTATIONS = YES;
				CLANG_WARN_DIRECT_OBJC_ISA_USAGE = YES_ERROR;
				CLANG_WARN_DOCUMENTATION_COMMENTS = YES;
				CLANG_WARN_EMPTY_BODY = YES;
				CLANG_WARN_ENUM_CONVERSION = YES;
				CLANG_WARN_INFINITE_RECURSION = YES;
				CLANG_WARN_INT_CONVERSION = YES;
				CLANG_WARN_NON_LITERAL_NULL_CONVERSION = YES;
				CLANG_WARN_OBJC_IMPLICIT_RETAIN_SELF = YES;
				CLANG_WARN_OBJC_LITERAL_CONVERSION = YES;
				CLANG_WARN_OBJC_ROOT_CLASS = YES_ERROR;
				CLANG_WARN_QUOTED_INCLUDE_IN_FRAMEWORK_HEADER = YES;
				CLANG_WARN_RANGE_LOOP_ANALYSIS = YES;
				CLANG_WARN_STRICT_PROTOTYPES = YES;
				CLANG_WARN_SUSPICIOUS_MOVE = YES;
				CLANG_WARN_UNGUARDED_AVAILABILITY = YES_AGGRESSIVE;
				CLANG_WARN_UNREACHABLE_CODE = YES;
				CLANG_WARN__DUPLICATE_METHOD_MATCH = YES;
				COPY_PHASE_STRIP = NO;
				DEBUG_INFORMATION_FORMAT = "dwarf-with-dsym";
				ENABLE_NS_ASSERTIONS = NO;
				ENABLE_STRICT_OBJC_MSGSEND = YES;
				ENABLE_USER_SCRIPT_SANDBOXING = YES;
				GCC_C_LANGUAGE_STANDARD = gnu17;
				GCC_NO_COMMON_BLOCKS = YES;
				GCC_WARN_64_TO_32_BIT_CONVERSION = YES;
				GCC_WARN_ABOUT_RETURN_TYPE = YES_ERROR;
				GCC_WARN_UNDECLARED_SELECTOR = YES;
				GCC_WARN_UNINITIALIZED_AUTOS = YES_AGGRESSIVE;
				GCC_WARN_UNUSED_FUNCTION = YES;
				GCC_WARN_UNUSED_VARIABLE = YES;
				IPHONEOS_DEPLOYMENT_TARGET = 18.2;
				LOCALIZATION_PREFERS_STRING_CATALOGS = YES;
				MTL_ENABLE_DEBUG_INFO = NO;
				MTL_FAST_MATH = YES;
				SDKROOT = iphoneos;
				SWIFT_COMPILATION_MODE = wholemodule;
				VALIDATE_PRODUCT = YES;
			};
			name = Release;
		};
		3644CEEC2E6A78E200E7D41F /* Debug */ = {
			isa = XCBuildConfiguration;
			buildSettings = {
				BUNDLE_LOADER = "$(TEST_HOST)";
				CODE_SIGN_STYLE = Automatic;
				CURRENT_PROJECT_VERSION = 1;
				DEVELOPMENT_TEAM = 93VTU92YDK;
				GENERATE_INFOPLIST_FILE = YES;
				IPHONEOS_DEPLOYMENT_TARGET = 18.2;
				MARKETING_VERSION = 1.0;
				PRODUCT_BUNDLE_IDENTIFIER = indahNurindo.CatAppTests;
				PRODUCT_NAME = "$(TARGET_NAME)";
				SWIFT_EMIT_LOC_STRINGS = NO;
				SWIFT_VERSION = 5.0;
				TARGETED_DEVICE_FAMILY = "1,2";
				TEST_HOST = "$(BUILT_PRODUCTS_DIR)/CatApp.app/$(BUNDLE_EXECUTABLE_FOLDER_PATH)/CatApp";
			};
			name = Debug;
		};
		3644CEED2E6A78E200E7D41F /* Release */ = {
			isa = XCBuildConfiguration;
			buildSettings = {
				BUNDLE_LOADER = "$(TEST_HOST)";
				CODE_SIGN_STYLE = Automatic;
				CURRENT_PROJECT_VERSION = 1;
				DEVELOPMENT_TEAM = 93VTU92YDK;
				GENERATE_INFOPLIST_FILE = YES;
				IPHONEOS_DEPLOYMENT_TARGET = 18.2;
				MARKETING_VERSION = 1.0;
				PRODUCT_BUNDLE_IDENTIFIER = indahNurindo.CatAppTests;
				PRODUCT_NAME = "$(TARGET_NAME)";
				SWIFT_EMIT_LOC_STRINGS = NO;
				SWIFT_VERSION = 5.0;
				TARGETED_DEVICE_FAMILY = "1,2";
				TEST_HOST = "$(BUILT_PRODUCTS_DIR)/CatApp.app/$(BUNDLE_EXECUTABLE_FOLDER_PATH)/CatApp";
			};
			name = Release;
		};
		3644CEEF2E6A78E200E7D41F /* Debug */ = {
			isa = XCBuildConfiguration;
			buildSettings = {
				CODE_SIGN_STYLE = Automatic;
				CURRENT_PROJECT_VERSION = 1;
				DEVELOPMENT_TEAM = 93VTU92YDK;
				GENERATE_INFOPLIST_FILE = YES;
				MARKETING_VERSION = 1.0;
				PRODUCT_BUNDLE_IDENTIFIER = indahNurindo.CatAppUITests;
				PRODUCT_NAME = "$(TARGET_NAME)";
				SWIFT_EMIT_LOC_STRINGS = NO;
				SWIFT_VERSION = 5.0;
				TARGETED_DEVICE_FAMILY = "1,2";
				TEST_TARGET_NAME = CatApp;
			};
			name = Debug;
		};
		3644CEF02E6A78E200E7D41F /* Release */ = {
			isa = XCBuildConfiguration;
			buildSettings = {
				CODE_SIGN_STYLE = Automatic;
				CURRENT_PROJECT_VERSION = 1;
				DEVELOPMENT_TEAM = 93VTU92YDK;
				GENERATE_INFOPLIST_FILE = YES;
				MARKETING_VERSION = 1.0;
				PRODUCT_BUNDLE_IDENTIFIER = indahNurindo.CatAppUITests;
				PRODUCT_NAME = "$(TARGET_NAME)";
				SWIFT_EMIT_LOC_STRINGS = NO;
				SWIFT_VERSION = 5.0;
				TARGETED_DEVICE_FAMILY = "1,2";
				TEST_TARGET_NAME = CatApp;
			};
			name = Release;
		};
/* End XCBuildConfiguration section */

/* Begin XCConfigurationList section */
		3644CEB82E6A78E000E7D41F /* Build configuration list for PBXProject "CatApp" */ = {
			isa = XCConfigurationList;
			buildConfigurations = (
				3644CEE92E6A78E200E7D41F /* Debug */,
				3644CEEA2E6A78E200E7D41F /* Release */,
			);
			defaultConfigurationIsVisible = 0;
			defaultConfigurationName = Release;
		};
		3644CEE62E6A78E200E7D41F /* Build configuration list for PBXNativeTarget "CatApp" */ = {
			isa = XCConfigurationList;
			buildConfigurations = (
				3644CEE72E6A78E200E7D41F /* Debug */,
				3644CEE82E6A78E200E7D41F /* Release */,
			);
			defaultConfigurationIsVisible = 0;
			defaultConfigurationName = Release;
		};
		3644CEEB2E6A78E200E7D41F /* Build configuration list for PBXNativeTarget "CatAppTests" */ = {
			isa = XCConfigurationList;
			buildConfigurations = (
				3644CEEC2E6A78E200E7D41F /* Debug */,
				3644CEED2E6A78E200E7D41F /* Release */,
			);
			defaultConfigurationIsVisible = 0;
			defaultConfigurationName = Release;
		};
		3644CEEE2E6A78E200E7D41F /* Build configuration list for PBXNativeTarget "CatAppUITests" */ = {
			isa = XCConfigurationList;
			buildConfigurations = (
				3644CEEF2E6A78E200E7D41F /* Debug */,
				3644CEF02E6A78E200E7D41F /* Release */,
			);
			defaultConfigurationIsVisible = 0;
			defaultConfigurationName = Release;
		};
/* End XCConfigurationList section */
	};
	rootObject = 3644CEB52E6A78E000E7D41F /* Project object */;
}
