// !$*UTF8*$!
{
	archiveVersion = 1;
	classes = {
	};
	objectVersion = 77;
	objects = {

/* Begin PBXBuildFile section */
		36B8C8052E6D1A2F00FECC2B /* Pods_CatApp.framework in Frameworks */ = {isa = PBXBuildFile; fileRef = 4EAB720D66E79A923582C548 /* Pods_CatApp.framework */; };
		36B8C8062E6D1A2F00FECC2B /* Pods_CatApp.framework in Embed Frameworks */ = {isa = PBXBuildFile; fileRef = 4EAB720D66E79A923582C548 /* Pods_CatApp.framework */; settings = {ATTRIBUTES = (RemoveHeadersOnCopy, ); }; };
		99E7BB94931B343DD41234F5 /* Pods_CatAppTests.framework in Frameworks */ = {isa = PBXBuildFile; fileRef = 3B57001896070D13166F3DA9 /* Pods_CatAppTests.framework */; };
		D6723F5A75E3891F8EFE6207 /* Pods_CatApp_CatAppUITests.framework in Frameworks */ = {isa = PBXBuildFile; fileRef = FA1EF6F7DE2204F3EE5BA827 /* Pods_CatApp_CatAppUITests.framework */; };
/* End PBXBuildFile section */

/* Begin PBXContainerItemProxy section */
		3644CED42E6A78E200E7D41F /* PBXContainerItemProxy */ = {
			isa = PBXContainerItemProxy;
			containerPortal = 3644CEB52E6A78E000E7D41F /* Project object */;
			proxyType = 1;
			remoteGlobalIDString = 3644CEBC2E6A78E000E7D41F;
			remoteInfo = CatApp;
		};
		3644CEDE2E6A78E200E7D41F /* PBXContainerItemProxy */ = {
			isa = PBXContainerItemProxy;
			containerPortal = 3644CEB52E6A78E000E7D41F /* Project object */;
			proxyType = 1;
			remoteGlobalIDString = 3644CEBC2E6A78E000E7D41F;
			remoteInfo = CatApp;
		};
/* End PBXContainerItemProxy section */

/* Begin PBXCopyFilesBuildPhase section */
		36B8C8072E6D1A2F00FECC2B /* Embed Frameworks */ = {
			isa = PBXCopyFilesBuildPhase;
			buildActionMask = 2147483647;
			dstPath = "";
			dstSubfolderSpec = 10;
			files = (
				36B8C8062E6D1A2F00FECC2B /* Pods_CatApp.framework in Embed Frameworks */,
			);
			name = "Embed Frameworks";
			runOnlyForDeploymentPostprocessing = 0;
		};
/* End PBXCopyFilesBuildPhase section */

/* Begin PBXFileReference section */
		21AEA82C3FE8CA68CBAB2583 /* Pods-CatAppTests.debug.xcconfig */ = {isa = PBXFileReference; includeInIndex = 1; lastKnownFileType = text.xcconfig; name = "Pods-CatAppTests.debug.xcconfig"; path = "Target Support Files/Pods-CatAppTests/Pods-CatAppTests.debug.xcconfig"; sourceTree = "<group>"; };
		3637F8982E6D02D00004DF7E /* BCColorDemo.xcodeproj */ = {isa = PBXFileReference; lastKnownFileType = "wrapper.pb-project"; path = BCColorDemo.xcodeproj; sourceTree = "<group>"; };
		3644CEBD2E6A78E000E7D41F /* CatApp.app */ = {isa = PBXFileReference; explicitFileType = wrapper.application; includeInIndex = 0; path = CatApp.app; sourceTree = BUILT_PRODUCTS_DIR; };
		3644CED32E6A78E200E7D41F /* CatAppTests.xctest */ = {isa = PBXFileReference; explicitFileType = wrapper.cfbundle; includeInIndex = 0; path = CatAppTests.xctest; sourceTree = BUILT_PRODUCTS_DIR; };
		3644CEDD2E6A78E200E7D41F /* CatAppUITests.xctest */ = {isa = PBXFileReference; explicitFileType = wrapper.cfbundle; includeInIndex = 0; path = CatAppUITests.xctest; sourceTree = BUILT_PRODUCTS_DIR; };
		3B57001896070D13166F3DA9 /* Pods_CatAppTests.framework */ = {isa = PBXFileReference; explicitFileType = wrapper.framework; includeInIndex = 0; path = Pods_CatAppTests.framework; sourceTree = BUILT_PRODUCTS_DIR; };
		4117AFD973780DA38F957CB7 /* Pods-CatApp-CatAppUITests.debug.xcconfig */ = {isa = PBXFileReference; includeInIndex = 1; lastKnownFileType = text.xcconfig; name = "Pods-CatApp-CatAppUITests.debug.xcconfig"; path = "Target Support Files/Pods-CatApp-CatAppUITests/Pods-CatApp-CatAppUITests.debug.xcconfig"; sourceTree = "<group>"; };
		4EAB720D66E79A923582C548 /* Pods_CatApp.framework */ = {isa = PBXFileReference; explicitFileType = wrapper.framework; includeInIndex = 0; path = Pods_CatApp.framework; sourceTree = BUILT_PRODUCTS_DIR; };
		9EF5DFD92B1EC0C0B4FDA792 /* Pods-CatApp.release.xcconfig */ = {isa = PBXFileReference; includeInIndex = 1; lastKnownFileType = text.xcconfig; name = "Pods-CatApp.release.xcconfig"; path = "Target Support Files/Pods-CatApp/Pods-CatApp.release.xcconfig"; sourceTree = "<group>"; };
		9F85352593D2646C3E8421D4 /* Pods-CatApp.debug.xcconfig */ = {isa = PBXFileReference; includeInIndex = 1; lastKnownFileType = text.xcconfig; name = "Pods-CatApp.debug.xcconfig"; path = "Target Support Files/Pods-CatApp/Pods-CatApp.debug.xcconfig"; sourceTree = "<group>"; };
		ABBFA3CB5474A30CF6249AE4 /* Pods-CatApp-CatAppUITests.release.xcconfig */ = {isa = PBXFileReference; includeInIndex = 1; lastKnownFileType = text.xcconfig; name = "Pods-CatApp-CatAppUITests.release.xcconfig"; path = "Target Support Files/Pods-CatApp-CatAppUITests/Pods-CatApp-CatAppUITests.release.xcconfig"; sourceTree = "<group>"; };
		DD9531D995D87E2A0E65EE8A /* Pods-CatAppTests.release.xcconfig */ = {isa = PBXFileReference; includeInIndex = 1; lastKnownFileType = text.xcconfig; name = "Pods-CatAppTests.release.xcconfig"; path = "Target Support Files/Pods-CatAppTests/Pods-CatAppTests.release.xcconfig"; sourceTree = "<group>"; };
		FA1EF6F7DE2204F3EE5BA827 /* Pods_CatApp_CatAppUITests.framework */ = {isa = PBXFileReference; explicitFileType = wrapper.framework; includeInIndex = 0; path = Pods_CatApp_CatAppUITests.framework; sourceTree = BUILT_PRODUCTS_DIR; };
/* End PBXFileReference section */

/* Begin PBXFileSystemSynchronizedRootGroup section */
		3644CEBF2E6A78E000E7D41F /* CatApp */ = {
			isa = PBXFileSystemSynchronizedRootGroup;
			path = CatApp;
			sourceTree = "<group>";
		};
		3644CED62E6A78E200E7D41F /* CatAppTests */ = {
			isa = PBXFileSystemSynchronizedRootGroup;
			path = CatAppTests;
			sourceTree = "<group>";
		};
		3644CEE02E6A78E200E7D41F /* CatAppUITests */ = {
			isa = PBXFileSystemSynchronizedRootGroup;
			path = CatAppUITests;
			sourceTree = "<group>";
		};
/* End PBXFileSystemSynchronizedRootGroup section */

/* Begin PBXFrameworksBuildPhase section */
		3644CEBA2E6A78E000E7D41F /* Frameworks */ = {
			isa = PBXFrameworksBuildPhase;
			buildActionMask = 2147483647;
			files = (
				36B8C8052E6D1A2F00FECC2B /* Pods_CatApp.framework in Frameworks */,
			);
			runOnlyForDeploymentPostprocessing = 0;
		};
		3644CED02E6A78E200E7D41F /* Frameworks */ = {
			isa = PBXFrameworksBuildPhase;
			buildActionMask = 2147483647;
			files = (
				99E7BB94931B343DD41234F5 /* Pods_CatAppTests.framework in Frameworks */,
			);
			runOnlyForDeploymentPostprocessing = 0;
		};
		3644CEDA2E6A78E200E7D41F /* Frameworks */ = {
			isa = PBXFrameworksBuildPhase;
			buildActionMask = 2147483647;
			files = (
				D6723F5A75E3891F8EFE6207 /* Pods_CatApp_CatAppUITests.framework in Frameworks */,
			);
			runOnlyForDeploymentPostprocessing = 0;
		};
/* End PBXFrameworksBuildPhase section */

/* Begin PBXGroup section */
		2EAED38C99BBC2EFD6328D98 /* Pods */ = {
			isa = PBXGroup;
			children = (
				9F85352593D2646C3E8421D4 /* Pods-CatApp.debug.xcconfig */,
				9EF5DFD92B1EC0C0B4FDA792 /* Pods-CatApp.release.xcconfig */,
				4117AFD973780DA38F957CB7 /* Pods-CatApp-CatAppUITests.debug.xcconfig */,
				ABBFA3CB5474A30CF6249AE4 /* Pods-CatApp-CatAppUITests.release.xcconfig */,
				21AEA82C3FE8CA68CBAB2583 /* Pods-CatAppTests.debug.xcconfig */,
				DD9531D995D87E2A0E65EE8A /* Pods-CatAppTests.release.xcconfig */,
			);
			path = Pods;
			sourceTree = "<group>";
		};
		3637F8A02E6D02D00004DF7E /* Products */ = {
			isa = PBXGroup;
			children = (
			);
			name = Products;
			sourceTree = "<group>";
		};
		3644CEB42E6A78E000E7D41F = {
			isa = PBXGroup;
			children = (
				3644CEBF2E6A78E000E7D41F /* CatApp */,
				3644CED62E6A78E200E7D41F /* CatAppTests */,
				3644CEE02E6A78E200E7D41F /* CatAppUITests */,
				3644CEBE2E6A78E000E7D41F /* Products */,
				2EAED38C99BBC2EFD6328D98 /* Pods */,
				616944FC81F59DE7C34F449A /* Frameworks */,
			);
			sourceTree = "<group>";
		};
		3644CEBE2E6A78E000E7D41F /* Products */ = {
			isa = PBXGroup;
			children = (
				3644CEBD2E6A78E000E7D41F /* CatApp.app */,
				3644CED32E6A78E200E7D41F /* CatAppTests.xctest */,
				3644CEDD2E6A78E200E7D41F /* CatAppUITests.xctest */,
			);
			name = Products;
			sourceTree = "<group>";
		};
		616944FC81F59DE7C34F449A /* Frameworks */ = {
			isa = PBXGroup;
			children = (
				4EAB720D66E79A923582C548 /* Pods_CatApp.framework */,
				FA1EF6F7DE2204F3EE5BA827 /* Pods_CatApp_CatAppUITests.framework */,
				3B57001896070D13166F3DA9 /* Pods_CatAppTests.framework */,
			);
			name = Frameworks;
			sourceTree = "<group>";
		};
/* End PBXGroup section */

/* Begin PBXNativeTarget section */
		3644CEBC2E6A78E000E7D41F /* CatApp */ = {
			isa = PBXNativeTarget;
			buildConfigurationList = 3644CEE62E6A78E200E7D41F /* Build configuration list for PBXNativeTarget "CatApp" */;
			buildPhases = (
				20C6658001E6BA3B17D864C5 /* [CP] Check Pods Manifest.lock */,
				3644CEB92E6A78E000E7D41F /* Sources */,
				3644CEBA2E6A78E000E7D41F /* Frameworks */,
				3644CEBB2E6A78E000E7D41F /* Resources */,
				BB54F49CD1E1A623AEE6EDA1 /* [CP] Embed Pods Frameworks */,
				36B8C8072E6D1A2F00FECC2B /* Embed Frameworks */,
			);
			buildRules = (
			);
			dependencies = (
			);
			fileSystemSynchronizedGroups = (
				3644CEBF2E6A78E000E7D41F /* CatApp */,
			);
			name = CatApp;
			productName = CatApp;
			productReference = 3644CEBD2E6A78E000E7D41F /* CatApp.app */;
			productType = "com.apple.product-type.application";
		};
		3644CED22E6A78E200E7D41F /* CatAppTests */ = {
			isa = PBXNativeTarget;
			buildConfigurationList = 3644CEEB2E6A78E200E7D41F /* Build configuration list for PBXNativeTarget "CatAppTests" */;
			buildPhases = (
				3672C5E4517F657BFA646B6B /* [CP] Check Pods Manifest.lock */,
				3644CECF2E6A78E200E7D41F /* Sources */,
				3644CED02E6A78E200E7D41F /* Frameworks */,
				3644CED12E6A78E200E7D41F /* Resources */,
			);
			buildRules = (
			);
			dependencies = (
				3644CED52E6A78E200E7D41F /* PBXTargetDependency */,
			);
			fileSystemSynchronizedGroups = (
				3644CED62E6A78E200E7D41F /* CatAppTests */,
			);
			name = CatAppTests;
			productName = CatAppTests;
			productReference = 3644CED32E6A78E200E7D41F /* CatAppTests.xctest */;
			productType = "com.apple.product-type.bundle.unit-test";
		};
		3644CEDC2E6A78E200E7D41F /* CatAppUITests */ = {
			isa = PBXNativeTarget;
			buildConfigurationList = 3644CEEE2E6A78E200E7D41F /* Build configuration list for PBXNativeTarget "CatAppUITests" */;
			buildPhases = (
				8B9C84F6C7CAD070354FC854 /* [CP] Check Pods Manifest.lock */,
				3644CED92E6A78E200E7D41F /* Sources */,
				3644CEDA2E6A78E200E7D41F /* Frameworks */,
				3644CEDB2E6A78E200E7D41F /* Resources */,
				868BAE218964CEB9D84D1A22 /* [CP] Embed Pods Frameworks */,
			);
			buildRules = (
			);
			dependencies = (
				3644CEDF2E6A78E200E7D41F /* PBXTargetDependency */,
			);
			fileSystemSynchronizedGroups = (
				3644CEE02E6A78E200E7D41F /* CatAppUITests */,
			);
			name = CatAppUITests;
			productName = CatAppUITests;
			productReference = 3644CEDD2E6A78E200E7D41F /* CatAppUITests.xctest */;
			productType = "com.apple.product-type.bundle.ui-testing";
		};
/* End PBXNativeTarget section */

/* Begin PBXProject section */
		3644CEB52E6A78E000E7D41F /* Project object */ = {
			isa = PBXProject;
			attributes = {
				BuildIndependentTargetsInParallel = 1;
				LastSwiftUpdateCheck = 1620;
				LastUpgradeCheck = 1620;
				TargetAttributes = {
					3644CEBC2E6A78E000E7D41F = {
						CreatedOnToolsVersion = 16.2;
					};
					3644CED22E6A78E200E7D41F = {
						CreatedOnToolsVersion = 16.2;
						TestTargetID = 3644CEBC2E6A78E000E7D41F;
					};
					3644CEDC2E6A78E200E7D41F = {
						CreatedOnToolsVersion = 16.2;
						TestTargetID = 3644CEBC2E6A78E000E7D41F;
					};
				};
			};
			buildConfigurationList = 3644CEB82E6A78E000E7D41F /* Build configuration list for PBXProject "CatApp" */;
			developmentRegion = en;
			hasScannedForEncodings = 0;
			knownRegions = (
				en,
				Base,
			);
			mainGroup = 3644CEB42E6A78E000E7D41F;
			minimizedProjectReferenceProxies = 1;
			preferredProjectObjectVersion = 77;
			productRefGroup = 3644CEBE2E6A78E000E7D41F /* Products */;
			projectDirPath = "";
			projectReferences = (
				{
					ProductGroup = 3637F8A02E6D02D00004DF7E /* Products */;
					ProjectRef = 3637F8982E6D02D00004DF7E /* BCColorDemo.xcodeproj */;
				},
			);
			projectRoot = "";
			targets = (
				3644CEBC2E6A78E000E7D41F /* CatApp */,
				3644CED22E6A78E200E7D41F /* CatAppTests */,
				3644CEDC2E6A78E200E7D41F /* CatAppUITests */,
			);
		};
/* End PBXProject section */

/* Begin PBXResourcesBuildPhase section */
		3644CEBB2E6A78E000E7D41F /* Resources */ = {
			isa = PBXResourcesBuildPhase;
			buildActionMask = 2147483647;
			files = (
			);
			runOnlyForDeploymentPostprocessing = 0;
		};
		3644CED12E6A78E200E7D41F /* Resources */ = {
			isa = PBXResourcesBuildPhase;
			buildActionMask = 2147483647;
			files = (
			);
			runOnlyForDeploymentPostprocessing = 0;
		};
		3644CEDB2E6A78E200E7D41F /* Resources */ = {
			isa = PBXResourcesBuildPhase;
			buildActionMask = 2147483647;
			files = (
			);
			runOnlyForDeploymentPostprocessing = 0;
		};
/* End PBXResourcesBuildPhase section */

/* Begin PBXShellScriptBuildPhase section */
		20C6658001E6BA3B17D864C5 /* [CP] Check Pods Manifest.lock */ = {
			isa = PBXShellScriptBuildPhase;
			buildActionMask = 2147483647;
			files = (
			);
			inputFileListPaths = (
			);
			inputPaths = (
				"${PODS_PODFILE_DIR_PATH}/Podfile.lock",
				"${PODS_ROOT}/Manifest.lock",
			);
			name = "[CP] Check Pods Manifest.lock";
			outputFileListPaths = (
			);
			outputPaths = (
				"$(DERIVED_FILE_DIR)/Pods-CatApp-checkManifestLockResult.txt",
			);
			runOnlyForDeploymentPostprocessing = 0;
			shellPath = /bin/sh;
			shellScript = "diff \"${PODS_PODFILE_DIR_PATH}/Podfile.lock\" \"${PODS_ROOT}/Manifest.lock\" > /dev/null\nif [ $? != 0 ] ; then\n    # print error to STDERR\n    echo \"error: The sandbox is not in sync with the Podfile.lock. Run 'pod install' or update your CocoaPods installation.\" >&2\n    exit 1\nfi\n# This output is used by Xcode 'outputs' to avoid re-running this script phase.\necho \"SUCCESS\" > \"${SCRIPT_OUTPUT_FILE_0}\"\n";
			showEnvVarsInLog = 0;
		};
		3672C5E4517F657BFA646B6B /* [CP] Check Pods Manifest.lock */ = {
			isa = PBXShellScriptBuildPhase;
			buildActionMask = 2147483647;
			files = (
			);
			inputFileListPaths = (
			);
			inputPaths = (
				"${PODS_PODFILE_DIR_PATH}/Podfile.lock",
				"${PODS_ROOT}/Manifest.lock",
			);
			name = "[CP] Check Pods Manifest.lock";
			outputFileListPaths = (
			);
			outputPaths = (
				"$(DERIVED_FILE_DIR)/Pods-CatAppTests-checkManifestLockResult.txt",
			);
			runOnlyForDeploymentPostprocessing = 0;
			shellPath = /bin/sh;
			shellScript = "diff \"${PODS_PODFILE_DIR_PATH}/Podfile.lock\" \"${PODS_ROOT}/Manifest.lock\" > /dev/null\nif [ $? != 0 ] ; then\n    # print error to STDERR\n    echo \"error: The sandbox is not in sync with the Podfile.lock. Run 'pod install' or update your CocoaPods installation.\" >&2\n    exit 1\nfi\n# This output is used by Xcode 'outputs' to avoid re-running this script phase.\necho \"SUCCESS\" > \"${SCRIPT_OUTPUT_FILE_0}\"\n";
			showEnvVarsInLog = 0;
		};
		868BAE218964CEB9D84D1A22 /* [CP] Embed Pods Frameworks */ = {
			isa = PBXShellScriptBuildPhase;
			buildActionMask = 2147483647;
			files = (
			);
			inputFileListPaths = (
				"${PODS_ROOT}/Target Support Files/Pods-CatApp-CatAppUITests/Pods-CatApp-CatAppUITests-frameworks-${CONFIGURATION}-input-files.xcfilelist",
			);
			name = "[CP] Embed Pods Frameworks";
			outputFileListPaths = (
				"${PODS_ROOT}/Target Support Files/Pods-CatApp-CatAppUITests/Pods-CatApp-CatAppUITests-frameworks-${CONFIGURATION}-output-files.xcfilelist",
			);
			runOnlyForDeploymentPostprocessing = 0;
			shellPath = /bin/sh;
			shellScript = "\"${PODS_ROOT}/Target Support Files/Pods-CatApp-CatAppUITests/Pods-CatApp-CatAppUITests-frameworks.sh\"\n";
			showEnvVarsInLog = 0;
		};
		8B9C84F6C7CAD070354FC854 /* [CP] Check Pods Manifest.lock */ = {
			isa = PBXShellScriptBuildPhase;
			buildActionMask = 2147483647;
			files = (
			);
			inputFileListPaths = (
			);
			inputPaths = (
				"${PODS_PODFILE_DIR_PATH}/Podfile.lock",
				"${PODS_ROOT}/Manifest.lock",
			);
			name = "[CP] Check Pods Manifest.lock";
			outputFileListPaths = (
			);
			outputPaths = (
				"$(DERIVED_FILE_DIR)/Pods-CatApp-CatAppUITests-checkManifestLockResult.txt",
			);
			runOnlyForDeploymentPostprocessing = 0;
			shellPath = /bin/sh;
			shellScript = "diff \"${PODS_PODFILE_DIR_PATH}/Podfile.lock\" \"${PODS_ROOT}/Manifest.lock\" > /dev/null\nif [ $? != 0 ] ; then\n    # print error to STDERR\n    echo \"error: The sandbox is not in sync with the Podfile.lock. Run 'pod install' or update your CocoaPods installation.\" >&2\n    exit 1\nfi\n# This output is used by Xcode 'outputs' to avoid re-running this script phase.\necho \"SUCCESS\" > \"${SCRIPT_OUTPUT_FILE_0}\"\n";
			showEnvVarsInLog = 0;
		};
		BB54F49CD1E1A623AEE6EDA1 /* [CP] Embed Pods Frameworks */ = {
			isa = PBXShellScriptBuildPhase;
			buildActionMask = 2147483647;
			files = (
			);
			inputFileListPaths = (
				"${PODS_ROOT}/Target Support Files/Pods-CatApp/Pods-CatApp-frameworks-${CONFIGURATION}-input-files.xcfilelist",
			);
			name = "[CP] Embed Pods Frameworks";
			outputFileListPaths = (
				"${PODS_ROOT}/Target Support Files/Pods-CatApp/Pods-CatApp-frameworks-${CONFIGURATION}-output-files.xcfilelist",
			);
			runOnlyForDeploymentPostprocessing = 0;
			shellPath = /bin/sh;
			shellScript = "\"${PODS_ROOT}/Target Support Files/Pods-CatApp/Pods-CatApp-frameworks.sh\"\n";
			showEnvVarsInLog = 0;
		};
/* End PBXShellScriptBuildPhase section */

/* Begin PBXSourcesBuildPhase section */
		3644CEB92E6A78E000E7D41F /* Sources */ = {
			isa = PBXSourcesBuildPhase;
			buildActionMask = 2147483647;
			files = (
			);
			runOnlyForDeploymentPostprocessing = 0;
		};
		3644CECF2E6A78E200E7D41F /* Sources */ = {
			isa = PBXSourcesBuildPhase;
			buildActionMask = 2147483647;
			files = (
			);
			runOnlyForDeploymentPostprocessing = 0;
		};
		3644CED92E6A78E200E7D41F /* Sources */ = {
			isa = PBXSourcesBuildPhase;
			buildActionMask = 2147483647;
			files = (
			);
			runOnlyForDeploymentPostprocessing = 0;
		};
/* End PBXSourcesBuildPhase section */

/* Begin PBXTargetDependency section */
		3644CED52E6A78E200E7D41F /* PBXTargetDependency */ = {
			isa = PBXTargetDependency;
			target = 3644CEBC2E6A78E000E7D41F /* CatApp */;
			targetProxy = 3644CED42E6A78E200E7D41F /* PBXContainerItemProxy */;
		};
		3644CEDF2E6A78E200E7D41F /* PBXTargetDependency */ = {
			isa = PBXTargetDependency;
			target = 3644CEBC2E6A78E000E7D41F /* CatApp */;
			targetProxy = 3644CEDE2E6A78E200E7D41F /* PBXContainerItemProxy */;
		};
/* End PBXTargetDependency section */

/* Begin XCBuildConfiguration section */
		3644CEE72E6A78E200E7D41F /* Debug */ = {
			isa = XCBuildConfiguration;
			baseConfigurationReference = 9F85352593D2646C3E8421D4 /* Pods-CatApp.debug.xcconfig */;
			buildSettings = {
				ASSETCATALOG_COMPILER_APPICON_NAME = AppIcon;
				ASSETCATALOG_COMPILER_GLOBAL_ACCENT_COLOR_NAME = AccentColor;
				CODE_SIGN_STYLE = Automatic;
				CURRENT_PROJECT_VERSION = 1;
				DEVELOPMENT_TEAM = 93VTU92YDK;
				GENERATE_INFOPLIST_FILE = YES;
				INFOPLIST_FILE = CatApp/Resources/Info.plist;
				INFOPLIST_KEY_UIApplicationSupportsIndirectInputEvents = YES;
				INFOPLIST_KEY_UILaunchStoryboardName = LaunchScreen;
				INFOPLIST_KEY_UIMainStoryboardFile = Main;
				INFOPLIST_KEY_UISupportedInterfaceOrientations_iPad = "UIInterfaceOrientationPortrait UIInterfaceOrientationPortraitUpsideDown UIInterfaceOrientationLandscapeLeft UIInterfaceOrientationLandscapeRight";
				INFOPLIST_KEY_UISupportedInterfaceOrientations_iPhone = "UIInterfaceOrientationPortrait UIInterfaceOrientationLandscapeLeft UIInterfaceOrientationLandscapeRight";
				IPHONEOS_DEPLOYMENT_TARGET = 15.6;
				LD_RUNPATH_SEARCH_PATHS = (
					"$(inherited)",
					"@executable_path/Frameworks",
				);
				MARKETING_VERSION = 1.0;
				PRODUCT_BUNDLE_IDENTIFIER = indahNurindo.CatApp;
				PRODUCT_NAME = "$(TARGET_NAME)";
				SWIFT_EMIT_LOC_STRINGS = YES;
				SWIFT_VERSION = 5.0;
				TARGETED_DEVICE_FAMILY = "1,2";
			};
			name = Debug;
		};
		3644CEE82E6A78E200E7D41F /* Release */ = {
			isa = XCBuildConfiguration;
			baseConfigurationReference = 9EF5DFD92B1EC0C0B4FDA792 /* Pods-CatApp.release.xcconfig */;
			buildSettings = {
				ASSETCATALOG_COMPILER_APPICON_NAME = AppIcon;
				ASSETCATALOG_COMPILER_GLOBAL_ACCENT_COLOR_NAME = AccentColor;
				CODE_SIGN_STYLE = Automatic;
				CURRENT_PROJECT_VERSION = 1;
				DEVELOPMENT_TEAM = 93VTU92YDK;
				GENERATE_INFOPLIST_FILE = YES;
				INFOPLIST_FILE = CatApp/Resources/Info.plist;
				INFOPLIST_KEY_UIApplicationSupportsIndirectInputEvents = YES;
				INFOPLIST_KEY_UILaunchStoryboardName = LaunchScreen;
				INFOPLIST_KEY_UIMainStoryboardFile = Main;
				INFOPLIST_KEY_UISupportedInterfaceOrientations_iPad = "UIInterfaceOrientationPortrait UIInterfaceOrientationPortraitUpsideDown UIInterfaceOrientationLandscapeLeft UIInterfaceOrientationLandscapeRight";
				INFOPLIST_KEY_UISupportedInterfaceOrientations_iPhone = "UIInterfaceOrientationPortrait UIInterfaceOrientationLandscapeLeft UIInterfaceOrientationLandscapeRight";
				IPHONEOS_DEPLOYMENT_TARGET = 15.6;
				LD_RUNPATH_SEARCH_PATHS = (
					"$(inherited)",
					"@executable_path/Frameworks",
				);
				MARKETING_VERSION = 1.0;
				PRODUCT_BUNDLE_IDENTIFIER = indahNurindo.CatApp;
				PRODUCT_NAME = "$(TARGET_NAME)";
				SWIFT_EMIT_LOC_STRINGS = YES;
				SWIFT_VERSION = 5.0;
				TARGETED_DEVICE_FAMILY = "1,2";
			};
			name = Release;
		};
		3644CEE92E6A78E200E7D41F /* Debug */ = {
			isa = XCBuildConfiguration;
			buildSettings = {
				ALWAYS_SEARCH_USER_PATHS = NO;
				ASSETCATALOG_COMPILER_GENERATE_SWIFT_ASSET_SYMBOL_EXTENSIONS = YES;
				CLANG_ANALYZER_NONNULL = YES;
				CLANG_ANALYZER_NUMBER_OBJECT_CONVERSION = YES_AGGRESSIVE;
				CLANG_CXX_LANGUAGE_STANDARD = "gnu++20";
				CLANG_ENABLE_MODULES = YES;
				CLANG_ENABLE_OBJC_ARC = YES;
				CLANG_ENABLE_OBJC_WEAK = YES;
				CLANG_WARN_BLOCK_CAPTURE_AUTORELEASING = YES;
				CLANG_WARN_BOOL_CONVERSION = YES;
				CLANG_WARN_COMMA = YES;
				CLANG_WARN_CONSTANT_CONVERSION = YES;
				CLANG_WARN_DEPRECATED_OBJC_IMPLEMENTATIONS = YES;
				CLANG_WARN_DIRECT_OBJC_ISA_USAGE = YES_ERROR;
				CLANG_WARN_DOCUMENTATION_COMMENTS = YES;
				CLANG_WARN_EMPTY_BODY = YES;
				CLANG_WARN_ENUM_CONVERSION = YES;
				CLANG_WARN_INFINITE_RECURSION = YES;
				CLANG_WARN_INT_CONVERSION = YES;
				CLANG_WARN_NON_LITERAL_NULL_CONVERSION = YES;
				CLANG_WARN_OBJC_IMPLICIT_RETAIN_SELF = YES;
				CLANG_WARN_OBJC_LITERAL_CONVERSION = YES;
				CLANG_WARN_OBJC_ROOT_CLASS = YES_ERROR;
				CLANG_WARN_QUOTED_INCLUDE_IN_FRAMEWORK_HEADER = YES;
				CLANG_WARN_RANGE_LOOP_ANALYSIS = YES;
				CLANG_WARN_STRICT_PROTOTYPES = YES;
				CLANG_WARN_SUSPICIOUS_MOVE = YES;
				CLANG_WARN_UNGUARDED_AVAILABILITY = YES_AGGRESSIVE;
				CLANG_WARN_UNREACHABLE_CODE = YES;
				CLANG_WARN__DUPLICATE_METHOD_MATCH = YES;
				COPY_PHASE_STRIP = NO;
				DEBUG_INFORMATION_FORMAT = dwarf;
				ENABLE_APP_SANDBOX = NO;
				ENABLE_STRICT_OBJC_MSGSEND = YES;
				ENABLE_TESTABILITY = YES;
				ENABLE_USER_SCRIPT_SANDBOXING = NO;
				GCC_C_LANGUAGE_STANDARD = gnu17;
				GCC_DYNAMIC_NO_PIC = NO;
				GCC_NO_COMMON_BLOCKS = YES;
				GCC_OPTIMIZATION_LEVEL = 0;
				GCC_PREPROCESSOR_DEFINITIONS = (
					"DEBUG=1",
					"$(inherited)",
				);
				GCC_WARN_64_TO_32_BIT_CONVERSION = YES;
				GCC_WARN_ABOUT_RETURN_TYPE = YES_ERROR;
				GCC_WARN_UNDECLARED_SELECTOR = YES;
				GCC_WARN_UNINITIALIZED_AUTOS = YES_AGGRESSIVE;
				GCC_WARN_UNUSED_FUNCTION = YES;
				GCC_WARN_UNUSED_VARIABLE = YES;
				IPHONEOS_DEPLOYMENT_TARGET = 18.2;
				LOCALIZATION_PREFERS_STRING_CATALOGS = YES;
				MTL_ENABLE_DEBUG_INFO = INCLUDE_SOURCE;
				MTL_FAST_MATH = YES;
				ONLY_ACTIVE_ARCH = YES;
				SDKROOT = iphoneos;
				SWIFT_ACTIVE_COMPILATION_CONDITIONS = "DEBUG $(inherited)";
				SWIFT_OPTIMIZATION_LEVEL = "-Onone";
			};
			name = Debug;
		};
		3644CEEA2E6A78E200E7D41F /* Release */ = {
			isa = XCBuildConfiguration;
			buildSettings = {
				ALWAYS_SEARCH_USER_PATHS = NO;
				ASSETCATALOG_COMPILER_GENERATE_SWIFT_ASSET_SYMBOL_EXTENSIONS = YES;
				CLANG_ANALYZER_NONNULL = YES;
				CLANG_ANALYZER_NUMBER_OBJECT_CONVERSION = YES_AGGRESSIVE;
				CLANG_CXX_LANGUAGE_STANDARD = "gnu++20";
				CLANG_ENABLE_MODULES = YES;
				CLANG_ENABLE_OBJC_ARC = YES;
				CLANG_ENABLE_OBJC_WEAK = YES;
				CLANG_WARN_BLOCK_CAPTURE_AUTORELEASING = YES;
				CLANG_WARN_BOOL_CONVERSION = YES;
				CLANG_WARN_COMMA = YES;
				CLANG_WARN_CONSTANT_CONVERSION = YES;
				CLANG_WARN_DEPRECATED_OBJC_IMPLEMENTATIONS = YES;
				CLANG_WARN_DIRECT_OBJC_ISA_USAGE = YES_ERROR;
				CLANG_WARN_DOCUMENTATION_COMMENTS = YES;
				CLANG_WARN_EMPTY_BODY = YES;
				CLANG_WARN_ENUM_CONVERSION = YES;
				CLANG_WARN_INFINITE_RECURSION = YES;
				CLANG_WARN_INT_CONVERSION = YES;
				CLANG_WARN_NON_LITERAL_NULL_CONVERSION = YES;
				CLANG_WARN_OBJC_IMPLICIT_RETAIN_SELF = YES;
				CLANG_WARN_OBJC_LITERAL_CONVERSION = YES;
				CLANG_WARN_OBJC_ROOT_CLASS = YES_ERROR;
				CLANG_WARN_QUOTED_INCLUDE_IN_FRAMEWORK_HEADER = YES;
				CLANG_WARN_RANGE_LOOP_ANALYSIS = YES;
				CLANG_WARN_STRICT_PROTOTYPES = YES;
				CLANG_WARN_SUSPICIOUS_MOVE = YES;
				CLANG_WARN_UNGUARDED_AVAILABILITY = YES_AGGRESSIVE;
				CLANG_WARN_UNREACHABLE_CODE = YES;
				CLANG_WARN__DUPLICATE_METHOD_MATCH = YES;
				COPY_PHASE_STRIP = NO;
				DEBUG_INFORMATION_FORMAT = "dwarf-with-dsym";
				ENABLE_APP_SANDBOX = NO;
				ENABLE_NS_ASSERTIONS = NO;
				ENABLE_STRICT_OBJC_MSGSEND = YES;
				ENABLE_USER_SCRIPT_SANDBOXING = NO;
				GCC_C_LANGUAGE_STANDARD = gnu17;
				GCC_NO_COMMON_BLOCKS = YES;
				GCC_WARN_64_TO_32_BIT_CONVERSION = YES;
				GCC_WARN_ABOUT_RETURN_TYPE = YES_ERROR;
				GCC_WARN_UNDECLARED_SELECTOR = YES;
				GCC_WARN_UNINITIALIZED_AUTOS = YES_AGGRESSIVE;
				GCC_WARN_UNUSED_FUNCTION = YES;
				GCC_WARN_UNUSED_VARIABLE = YES;
				IPHONEOS_DEPLOYMENT_TARGET = 18.2;
				LOCALIZATION_PREFERS_STRING_CATALOGS = YES;
				MTL_ENABLE_DEBUG_INFO = NO;
				MTL_FAST_MATH = YES;
				SDKROOT = iphoneos;
				SWIFT_COMPILATION_MODE = wholemodule;
				VALIDATE_PRODUCT = YES;
			};
			name = Release;
		};
		3644CEEC2E6A78E200E7D41F /* Debug */ = {
			isa = XCBuildConfiguration;
			baseConfigurationReference = 21AEA82C3FE8CA68CBAB2583 /* Pods-CatAppTests.debug.xcconfig */;
			buildSettings = {
				BUNDLE_LOADER = "$(TEST_HOST)";
				CODE_SIGN_STYLE = Automatic;
				CURRENT_PROJECT_VERSION = 1;
				DEVELOPMENT_TEAM = 93VTU92YDK;
				GENERATE_INFOPLIST_FILE = YES;
				IPHONEOS_DEPLOYMENT_TARGET = 18.2;
				MARKETING_VERSION = 1.0;
				PRODUCT_BUNDLE_IDENTIFIER = indahNurindo.CatAppTests;
				PRODUCT_NAME = "$(TARGET_NAME)";
				SWIFT_EMIT_LOC_STRINGS = NO;
				SWIFT_VERSION = 5.0;
				TARGETED_DEVICE_FAMILY = "1,2";
				TEST_HOST = "$(BUILT_PRODUCTS_DIR)/CatApp.app/$(BUNDLE_EXECUTABLE_FOLDER_PATH)/CatApp";
			};
			name = Debug;
		};
		3644CEED2E6A78E200E7D41F /* Release */ = {
			isa = XCBuildConfiguration;
			baseConfigurationReference = DD9531D995D87E2A0E65EE8A /* Pods-CatAppTests.release.xcconfig */;
			buildSettings = {
				BUNDLE_LOADER = "$(TEST_HOST)";
				CODE_SIGN_STYLE = Automatic;
				CURRENT_PROJECT_VERSION = 1;
				DEVELOPMENT_TEAM = 93VTU92YDK;
				GENERATE_INFOPLIST_FILE = YES;
				IPHONEOS_DEPLOYMENT_TARGET = 18.2;
				MARKETING_VERSION = 1.0;
				PRODUCT_BUNDLE_IDENTIFIER = indahNurindo.CatAppTests;
				PRODUCT_NAME = "$(TARGET_NAME)";
				SWIFT_EMIT_LOC_STRINGS = NO;
				SWIFT_VERSION = 5.0;
				TARGETED_DEVICE_FAMILY = "1,2";
				TEST_HOST = "$(BUILT_PRODUCTS_DIR)/CatApp.app/$(BUNDLE_EXECUTABLE_FOLDER_PATH)/CatApp";
			};
			name = Release;
		};
		3644CEEF2E6A78E200E7D41F /* Debug */ = {
			isa = XCBuildConfiguration;
			baseConfigurationReference = 4117AFD973780DA38F957CB7 /* Pods-CatApp-CatAppUITests.debug.xcconfig */;
			buildSettings = {
				CODE_SIGN_STYLE = Automatic;
				CURRENT_PROJECT_VERSION = 1;
				DEVELOPMENT_TEAM = 93VTU92YDK;
				GENERATE_INFOPLIST_FILE = YES;
				MARKETING_VERSION = 1.0;
				PRODUCT_BUNDLE_IDENTIFIER = indahNurindo.CatAppUITests;
				PRODUCT_NAME = "$(TARGET_NAME)";
				SWIFT_EMIT_LOC_STRINGS = NO;
				SWIFT_VERSION = 5.0;
				TARGETED_DEVICE_FAMILY = "1,2";
				TEST_TARGET_NAME = CatApp;
			};
			name = Debug;
		};
		3644CEF02E6A78E200E7D41F /* Release */ = {
			isa = XCBuildConfiguration;
			baseConfigurationReference = ABBFA3CB5474A30CF6249AE4 /* Pods-CatApp-CatAppUITests.release.xcconfig */;
			buildSettings = {
				CODE_SIGN_STYLE = Automatic;
				CURRENT_PROJECT_VERSION = 1;
				DEVELOPMENT_TEAM = 93VTU92YDK;
				GENERATE_INFOPLIST_FILE = YES;
				MARKETING_VERSION = 1.0;
				PRODUCT_BUNDLE_IDENTIFIER = indahNurindo.CatAppUITests;
				PRODUCT_NAME = "$(TARGET_NAME)";
				SWIFT_EMIT_LOC_STRINGS = NO;
				SWIFT_VERSION = 5.0;
				TARGETED_DEVICE_FAMILY = "1,2";
				TEST_TARGET_NAME = CatApp;
			};
			name = Release;
		};
/* End XCBuildConfiguration section */

/* Begin XCConfigurationList section */
		3644CEB82E6A78E000E7D41F /* Build configuration list for PBXProject "CatApp" */ = {
			isa = XCConfigurationList;
			buildConfigurations = (
				3644CEE92E6A78E200E7D41F /* Debug */,
				3644CEEA2E6A78E200E7D41F /* Release */,
			);
			defaultConfigurationIsVisible = 0;
			defaultConfigurationName = Release;
		};
		3644CEE62E6A78E200E7D41F /* Build configuration list for PBXNativeTarget "CatApp" */ = {
			isa = XCConfigurationList;
			buildConfigurations = (
				3644CEE72E6A78E200E7D41F /* Debug */,
				3644CEE82E6A78E200E7D41F /* Release */,
			);
			defaultConfigurationIsVisible = 0;
			defaultConfigurationName = Release;
		};
		3644CEEB2E6A78E200E7D41F /* Build configuration list for PBXNativeTarget "CatAppTests" */ = {
			isa = XCConfigurationList;
			buildConfigurations = (
				3644CEEC2E6A78E200E7D41F /* Debug */,
				3644CEED2E6A78E200E7D41F /* Release */,
			);
			defaultConfigurationIsVisible = 0;
			defaultConfigurationName = Release;
		};
		3644CEEE2E6A78E200E7D41F /* Build configuration list for PBXNativeTarget "CatAppUITests" */ = {
			isa = XCConfigurationList;
			buildConfigurations = (
				3644CEEF2E6A78E200E7D41F /* Debug */,
				3644CEF02E6A78E200E7D41F /* Release */,
			);
			defaultConfigurationIsVisible = 0;
			defaultConfigurationName = Release;
		};
/* End XCConfigurationList section */
	};
	rootObject = 3644CEB52E6A78E000E7D41F /* Project object */;
}
